// !$*UTF8*$!
{
	archiveVersion = 1;
	classes = {
	};
	objectVersion = 46;
	objects = {

/* Begin PBXAggregateTarget section */
		19DB701B2BCA4062A2BE0083 /* B1 */ = {
			isa = PBXAggregateTarget;
			buildConfigurationList = 6FA7DE2CABE1414CB8B658BD /* Build configuration list for PBXAggregateTarget "B1" */;
			buildPhases = (
				021A2A1446FB4867ACB1983C /* CMake Rules */,
			);
			dependencies = (
				0A84AE88950B4C02A09DE974 /* PBXTargetDependency */,
			);
			name = B1;
			productName = B1;
		};
		1C771AA55B8B4769A42FB8EB /* ZERO_CHECK */ = {
			isa = PBXAggregateTarget;
			buildConfigurationList = 02AB5E4C2EFA493C9687B050 /* Build configuration list for PBXAggregateTarget "ZERO_CHECK" */;
			buildPhases = (
				C11BE36C2BEA4E7A88626372 /* CMake Rules */,
			);
			dependencies = (
			);
			name = ZERO_CHECK;
			productName = ZERO_CHECK;
		};
		2549BE5B0926492CA387A79B /* ALL_BUILD */ = {
			isa = PBXAggregateTarget;
			buildConfigurationList = 1F33D6FF6CA243ACA8A7EB8F /* Build configuration list for PBXAggregateTarget "ALL_BUILD" */;
			buildPhases = (
				AFA89ABDA0C24D1A9FC1ECC2 /* CMake Rules */,
			);
			dependencies = (
				4D2FB3CDA0284C8C9975C452 /* PBXTargetDependency */,
				9A2F721017A945F7ABB77282 /* PBXTargetDependency */,
			);
			name = ALL_BUILD;
			productName = ALL_BUILD;
		};
		FBEC52B61CA14FA6880421AA /* install */ = {
			isa = PBXAggregateTarget;
			buildConfigurationList = 035972E8F411405CBB5BAAAC /* Build configuration list for PBXAggregateTarget "install" */;
			buildPhases = (
				DC1E2D681D9D4406A403571E /* CMake PostBuild Rules */,
			);
			dependencies = (
				8C712A5BCDA74071A8E17ED1 /* PBXTargetDependency */,
			);
			name = install;
			productName = install;
		};
/* End PBXAggregateTarget section */

/* Begin PBXBuildFile section */
		09BF530B48DC4C91AA4868EE /* HistoManager.cc in Sources */ = {isa = PBXBuildFile; fileRef = 4C924ECEBA92460FAA0CF8B5 /* HistoManager.cc */; settings = {COMPILER_FLAGS = ""; }; };
		0B73FE0A1E82482C8F6606ED /* ProjectSteppingAction.cc in Sources */ = {isa = PBXBuildFile; fileRef = 333434B4D87041418DB4360E /* ProjectSteppingAction.cc */; settings = {COMPILER_FLAGS = ""; }; };
		1E4567404EC94F3CB9B5CA12 /* ProjectRunAction.cc in Sources */ = {isa = PBXBuildFile; fileRef = 5711D14D84B44E1DBF82BAC7 /* ProjectRunAction.cc */; settings = {COMPILER_FLAGS = ""; }; };
		2E693416600F4C3EA070232C /* ProjectPhysicsList.cc in Sources */ = {isa = PBXBuildFile; fileRef = A0F31CA137894280ABEDEA2B /* ProjectPhysicsList.cc */; settings = {COMPILER_FLAGS = ""; }; };
		314282C0FA344984B8257DF6 /* HistoMessenger.cc in Sources */ = {isa = PBXBuildFile; fileRef = 83AAC325ADA84F50B756543B /* HistoMessenger.cc */; settings = {COMPILER_FLAGS = ""; }; };
		36ECC66E3B7F4B26842210C5 /* ProjectDetectorMessenger.cc in Sources */ = {isa = PBXBuildFile; fileRef = BDCB78D4454F4567932072FF /* ProjectDetectorMessenger.cc */; settings = {COMPILER_FLAGS = ""; }; };
		7E6E96F030784C02AC3B3010 /* ProjectSteppingVerbose.cc in Sources */ = {isa = PBXBuildFile; fileRef = 1CB1012D45B543A7AC94583A /* ProjectSteppingVerbose.cc */; settings = {COMPILER_FLAGS = ""; }; };
		81E7B213B893468C8872B226 /* ProjectEventAction.cc in Sources */ = {isa = PBXBuildFile; fileRef = DB2C7FE1A860471C8B763AE7 /* ProjectEventAction.cc */; settings = {COMPILER_FLAGS = ""; }; };
		85F4CB5D4FD14B218AFFB213 /* ProjectPrimaryGeneratorAction.cc in Sources */ = {isa = PBXBuildFile; fileRef = 5C789F061AD9454587085DF4 /* ProjectPrimaryGeneratorAction.cc */; settings = {COMPILER_FLAGS = ""; }; };
		8F1D0EE323924CC0AF11A1FA /* MuonProject_rev2.cc in Sources */ = {isa = PBXBuildFile; fileRef = A802B8BBDF0C4745908846FA /* MuonProject_rev2.cc */; settings = {COMPILER_FLAGS = ""; }; };
		91499590878B4F73B5AA021B /* Target.cc in Sources */ = {isa = PBXBuildFile; fileRef = 6C4783F47CB54A5FA2ECA4AB /* Target.cc */; settings = {COMPILER_FLAGS = ""; }; };
		CDB8AF1483864A38B3D95956 /* ProjectRun.cc in Sources */ = {isa = PBXBuildFile; fileRef = B783CFC713784B0CB92F6644 /* ProjectRun.cc */; settings = {COMPILER_FLAGS = ""; }; };
		D5642A50333D419589E73441 /* ProjectStackingAction.cc in Sources */ = {isa = PBXBuildFile; fileRef = B08FAEFE970044699C1045C8 /* ProjectStackingAction.cc */; settings = {COMPILER_FLAGS = ""; }; };
/* End PBXBuildFile section */

/* Begin PBXContainerItemProxy section */
		0C651372A0754864A2AB93C3 /* PBXContainerItemProxy */ = {
			isa = PBXContainerItemProxy;
			containerPortal = 5DE4B20621FB4DC3A1BBCEB9 /* Project object */;
			proxyType = 1;
			remoteGlobalIDString = 1C771AA55B8B4769A42FB8EB;
			remoteInfo = ZERO_CHECK;
		};
		692D42A85B6F4D41829EBC67 /* PBXContainerItemProxy */ = {
			isa = PBXContainerItemProxy;
			containerPortal = 5DE4B20621FB4DC3A1BBCEB9 /* Project object */;
			proxyType = 1;
			remoteGlobalIDString = 1C771AA55B8B4769A42FB8EB;
			remoteInfo = ZERO_CHECK;
		};
		9F93DB56A6AA46CE97EB09F9 /* PBXContainerItemProxy */ = {
			isa = PBXContainerItemProxy;
			containerPortal = 5DE4B20621FB4DC3A1BBCEB9 /* Project object */;
			proxyType = 1;
			remoteGlobalIDString = 2549BE5B0926492CA387A79B;
			remoteInfo = ALL_BUILD;
		};
		B8D02C7CE05545BFB9FD9085 /* PBXContainerItemProxy */ = {
			isa = PBXContainerItemProxy;
			containerPortal = 5DE4B20621FB4DC3A1BBCEB9 /* Project object */;
			proxyType = 1;
			remoteGlobalIDString = 1C771AA55B8B4769A42FB8EB;
			remoteInfo = ZERO_CHECK;
		};
		E49A3630E4424984BF9DC2F3 /* PBXContainerItemProxy */ = {
			isa = PBXContainerItemProxy;
			containerPortal = 5DE4B20621FB4DC3A1BBCEB9 /* Project object */;
			proxyType = 1;
			remoteGlobalIDString = 25621637ECB546E88C96FD76;
			remoteInfo = MuonProject_rev2;
		};
/* End PBXContainerItemProxy section */

/* Begin PBXFileReference section */
		018A57A3124D4C4892547F8B /* CMakeLists.txt */ = {isa = PBXFileReference; explicitFileType = sourcecode.text; fileEncoding = 4; lastKnownFileType = text; path = CMakeLists.txt; sourceTree = SOURCE_ROOT; };
		12F9C2BD56954B65B55418D4 /* MuonProject_rev2 */ = {isa = PBXFileReference; explicitFileType = "compiled.mach-o.executable"; path = MuonProject_rev2; sourceTree = BUILT_PRODUCTS_DIR; };
		1CB1012D45B543A7AC94583A /* ProjectSteppingVerbose.cc */ = {isa = PBXFileReference; explicitFileType = sourcecode.cpp.cpp; fileEncoding = 4; name = ProjectSteppingVerbose.cc; path = src/ProjectSteppingVerbose.cc; sourceTree = SOURCE_ROOT; };
		27992334CA404D1F8E32FA2B /* HistoMessenger.hh */ = {isa = PBXFileReference; explicitFileType = sourcecode.cpp.h; fileEncoding = 4; name = HistoMessenger.hh; path = include/HistoMessenger.hh; sourceTree = SOURCE_ROOT; };
		333434B4D87041418DB4360E /* ProjectSteppingAction.cc */ = {isa = PBXFileReference; explicitFileType = sourcecode.cpp.cpp; fileEncoding = 4; name = ProjectSteppingAction.cc; path = src/ProjectSteppingAction.cc; sourceTree = SOURCE_ROOT; };
		3534C11272C04AD8AEA4C100 /* ProjectSteppingVerbose.hh */ = {isa = PBXFileReference; explicitFileType = sourcecode.cpp.h; fileEncoding = 4; name = ProjectSteppingVerbose.hh; path = include/ProjectSteppingVerbose.hh; sourceTree = SOURCE_ROOT; };
		3C584E5305624CD38375A789 /* Target.hh */ = {isa = PBXFileReference; explicitFileType = sourcecode.cpp.h; fileEncoding = 4; name = Target.hh; path = include/Target.hh; sourceTree = SOURCE_ROOT; };
		4C924ECEBA92460FAA0CF8B5 /* HistoManager.cc */ = {isa = PBXFileReference; explicitFileType = sourcecode.cpp.cpp; fileEncoding = 4; name = HistoManager.cc; path = src/HistoManager.cc; sourceTree = SOURCE_ROOT; };
		4E0431AB1FA743A4AE61427B /* ProjectRunAction.hh */ = {isa = PBXFileReference; explicitFileType = sourcecode.cpp.h; fileEncoding = 4; name = ProjectRunAction.hh; path = include/ProjectRunAction.hh; sourceTree = SOURCE_ROOT; };
		51521545B20A4BEAAD0275D4 /* ProjectEventAction.hh */ = {isa = PBXFileReference; explicitFileType = sourcecode.cpp.h; fileEncoding = 4; name = ProjectEventAction.hh; path = include/ProjectEventAction.hh; sourceTree = SOURCE_ROOT; };
		5711D14D84B44E1DBF82BAC7 /* ProjectRunAction.cc */ = {isa = PBXFileReference; explicitFileType = sourcecode.cpp.cpp; fileEncoding = 4; name = ProjectRunAction.cc; path = src/ProjectRunAction.cc; sourceTree = SOURCE_ROOT; };
		5C789F061AD9454587085DF4 /* ProjectPrimaryGeneratorAction.cc */ = {isa = PBXFileReference; explicitFileType = sourcecode.cpp.cpp; fileEncoding = 4; name = ProjectPrimaryGeneratorAction.cc; path = src/ProjectPrimaryGeneratorAction.cc; sourceTree = SOURCE_ROOT; };
		65A27E84EA1542E486316869 /* HistoManager.hh */ = {isa = PBXFileReference; explicitFileType = sourcecode.cpp.h; fileEncoding = 4; name = HistoManager.hh; path = include/HistoManager.hh; sourceTree = SOURCE_ROOT; };
		68A5AC532E9F4209A52751C6 /* ProjectRun.hh */ = {isa = PBXFileReference; explicitFileType = sourcecode.cpp.h; fileEncoding = 4; name = ProjectRun.hh; path = include/ProjectRun.hh; sourceTree = SOURCE_ROOT; };
		6C4783F47CB54A5FA2ECA4AB /* Target.cc */ = {isa = PBXFileReference; explicitFileType = sourcecode.cpp.cpp; fileEncoding = 4; name = Target.cc; path = src/Target.cc; sourceTree = SOURCE_ROOT; };
		83AAC325ADA84F50B756543B /* HistoMessenger.cc */ = {isa = PBXFileReference; explicitFileType = sourcecode.cpp.cpp; fileEncoding = 4; name = HistoMessenger.cc; path = src/HistoMessenger.cc; sourceTree = SOURCE_ROOT; };
		8E92593B3B5A410D9B67E355 /* ProjectPrimaryGeneratorAction.hh */ = {isa = PBXFileReference; explicitFileType = sourcecode.cpp.h; fileEncoding = 4; name = ProjectPrimaryGeneratorAction.hh; path = include/ProjectPrimaryGeneratorAction.hh; sourceTree = SOURCE_ROOT; };
		9A866BFCEF8B42908B5C90DD /* CMakeLists.txt */ = {isa = PBXFileReference; explicitFileType = sourcecode.text; fileEncoding = 4; lastKnownFileType = text; path = CMakeLists.txt; sourceTree = SOURCE_ROOT; };
		A0F31CA137894280ABEDEA2B /* ProjectPhysicsList.cc */ = {isa = PBXFileReference; explicitFileType = sourcecode.cpp.cpp; fileEncoding = 4; name = ProjectPhysicsList.cc; path = src/ProjectPhysicsList.cc; sourceTree = SOURCE_ROOT; };
		A802B8BBDF0C4745908846FA /* MuonProject_rev2.cc */ = {isa = PBXFileReference; explicitFileType = sourcecode.cpp.cpp; fileEncoding = 4; path = MuonProject_rev2.cc; sourceTree = SOURCE_ROOT; };
		B08FAEFE970044699C1045C8 /* ProjectStackingAction.cc */ = {isa = PBXFileReference; explicitFileType = sourcecode.cpp.cpp; fileEncoding = 4; name = ProjectStackingAction.cc; path = src/ProjectStackingAction.cc; sourceTree = SOURCE_ROOT; };
		B5BAC186949547BBA45CB747 /* Field.hh */ = {isa = PBXFileReference; explicitFileType = sourcecode.cpp.h; fileEncoding = 4; name = Field.hh; path = include/Field.hh; sourceTree = SOURCE_ROOT; };
		B783CFC713784B0CB92F6644 /* ProjectRun.cc */ = {isa = PBXFileReference; explicitFileType = sourcecode.cpp.cpp; fileEncoding = 4; name = ProjectRun.cc; path = src/ProjectRun.cc; sourceTree = SOURCE_ROOT; };
		BDCB78D4454F4567932072FF /* ProjectDetectorMessenger.cc */ = {isa = PBXFileReference; explicitFileType = sourcecode.cpp.cpp; fileEncoding = 4; name = ProjectDetectorMessenger.cc; path = src/ProjectDetectorMessenger.cc; sourceTree = SOURCE_ROOT; };
		C0588F8B173647918650B1AE /* CMakeLists.txt */ = {isa = PBXFileReference; explicitFileType = sourcecode.text; fileEncoding = 4; lastKnownFileType = text; path = CMakeLists.txt; sourceTree = SOURCE_ROOT; };
		D458945DB7C44062AE14C883 /* CMakeLists.txt */ = {isa = PBXFileReference; explicitFileType = sourcecode.text; fileEncoding = 4; lastKnownFileType = text; path = CMakeLists.txt; sourceTree = SOURCE_ROOT; };
		D470A510B6A24E20BA05C958 /* ProjectPhysicsList.hh */ = {isa = PBXFileReference; explicitFileType = sourcecode.cpp.h; fileEncoding = 4; name = ProjectPhysicsList.hh; path = include/ProjectPhysicsList.hh; sourceTree = SOURCE_ROOT; };
		D53642DF09FA4AA58476CE6A /* ProjectSteppingAction.hh */ = {isa = PBXFileReference; explicitFileType = sourcecode.cpp.h; fileEncoding = 4; name = ProjectSteppingAction.hh; path = include/ProjectSteppingAction.hh; sourceTree = SOURCE_ROOT; };
		D5CA2E7FFCC44B24B8CC2358 /* ProjectStackingAction.hh */ = {isa = PBXFileReference; explicitFileType = sourcecode.cpp.h; fileEncoding = 4; name = ProjectStackingAction.hh; path = include/ProjectStackingAction.hh; sourceTree = SOURCE_ROOT; };
		DB2C7FE1A860471C8B763AE7 /* ProjectEventAction.cc */ = {isa = PBXFileReference; explicitFileType = sourcecode.cpp.cpp; fileEncoding = 4; name = ProjectEventAction.cc; path = src/ProjectEventAction.cc; sourceTree = SOURCE_ROOT; };
		F03E1009C208454E93DE2077 /* ProjectDetectorMessenger.hh */ = {isa = PBXFileReference; explicitFileType = sourcecode.cpp.h; fileEncoding = 4; name = ProjectDetectorMessenger.hh; path = include/ProjectDetectorMessenger.hh; sourceTree = SOURCE_ROOT; };
		FA23E6901EDEF3890010C3F0 /* README.md */ = {isa = PBXFileReference; fileEncoding = 4; lastKnownFileType = net.daringfireball.markdown; path = README.md; sourceTree = "<group>"; };
		FB5D3D824EF34197A81F73A7 /* F03FieldSetup.hh */ = {isa = PBXFileReference; explicitFileType = sourcecode.cpp.h; fileEncoding = 4; name = F03FieldSetup.hh; path = include/F03FieldSetup.hh; sourceTree = SOURCE_ROOT; };
/* End PBXFileReference section */

/* Begin PBXGroup section */
		025F5B4429BB41C6BB7E5A64 /* MuonProject_rev2 */ = {
			isa = PBXGroup;
			children = (
				420631C1AEB34695BA03E817 /* Source Files */,
				772CF3E728AD4C34B5F4F11B /* Header Files */,
				9A866BFCEF8B42908B5C90DD /* CMakeLists.txt */,
			);
			name = MuonProject_rev2;
			sourceTree = "<group>";
		};
		1394E4EFE1D14A0F8D43B8D7 /* Products */ = {
			isa = PBXGroup;
			children = (
				12F9C2BD56954B65B55418D4 /* MuonProject_rev2 */,
			);
			name = Products;
			sourceTree = "<group>";
		};
		1891E944D750416C8F14B249 /* CMake Rules */ = {
			isa = PBXGroup;
			children = (
			);
			name = "CMake Rules";
			sourceTree = "<group>";
		};
		2F9D7A8EB46947B381F5DB7A = {
			isa = PBXGroup;
			children = (
				C7AE3BC1FD624D1DA097BBF2 /* Sources */,
				6CCA9DF3DDF149FB8F1CAB2A /* Resources */,
				1394E4EFE1D14A0F8D43B8D7 /* Products */,
			);
			sourceTree = "<group>";
		};
		3C68E6F5AD8840F0A0500FA1 /* ALL_BUILD */ = {
			isa = PBXGroup;
			children = (
				1891E944D750416C8F14B249 /* CMake Rules */,
				C0588F8B173647918650B1AE /* CMakeLists.txt */,
			);
			name = ALL_BUILD;
			sourceTree = "<group>";
		};
		420631C1AEB34695BA03E817 /* Source Files */ = {
			isa = PBXGroup;
			children = (
				A802B8BBDF0C4745908846FA /* MuonProject_rev2.cc */,
				4C924ECEBA92460FAA0CF8B5 /* HistoManager.cc */,
				83AAC325ADA84F50B756543B /* HistoMessenger.cc */,
				BDCB78D4454F4567932072FF /* ProjectDetectorMessenger.cc */,
				DB2C7FE1A860471C8B763AE7 /* ProjectEventAction.cc */,
				A0F31CA137894280ABEDEA2B /* ProjectPhysicsList.cc */,
				FA23E6901EDEF3890010C3F0 /* README.md */,
				5C789F061AD9454587085DF4 /* ProjectPrimaryGeneratorAction.cc */,
				B783CFC713784B0CB92F6644 /* ProjectRun.cc */,
				5711D14D84B44E1DBF82BAC7 /* ProjectRunAction.cc */,
				B08FAEFE970044699C1045C8 /* ProjectStackingAction.cc */,
				333434B4D87041418DB4360E /* ProjectSteppingAction.cc */,
				1CB1012D45B543A7AC94583A /* ProjectSteppingVerbose.cc */,
				6C4783F47CB54A5FA2ECA4AB /* Target.cc */,
			);
			name = "Source Files";
			sourceTree = "<group>";
		};
		6CCA9DF3DDF149FB8F1CAB2A /* Resources */ = {
			isa = PBXGroup;
			children = (
			);
			name = Resources;
			sourceTree = "<group>";
		};
		74074CF5FD9644C7AB8403BE /* CMake Rules */ = {
			isa = PBXGroup;
			children = (
			);
			name = "CMake Rules";
			sourceTree = "<group>";
		};
		772CF3E728AD4C34B5F4F11B /* Header Files */ = {
			isa = PBXGroup;
			children = (
				FB5D3D824EF34197A81F73A7 /* F03FieldSetup.hh */,
				B5BAC186949547BBA45CB747 /* Field.hh */,
				65A27E84EA1542E486316869 /* HistoManager.hh */,
				27992334CA404D1F8E32FA2B /* HistoMessenger.hh */,
				F03E1009C208454E93DE2077 /* ProjectDetectorMessenger.hh */,
				51521545B20A4BEAAD0275D4 /* ProjectEventAction.hh */,
				D470A510B6A24E20BA05C958 /* ProjectPhysicsList.hh */,
				8E92593B3B5A410D9B67E355 /* ProjectPrimaryGeneratorAction.hh */,
				68A5AC532E9F4209A52751C6 /* ProjectRun.hh */,
				4E0431AB1FA743A4AE61427B /* ProjectRunAction.hh */,
				D5CA2E7FFCC44B24B8CC2358 /* ProjectStackingAction.hh */,
				D53642DF09FA4AA58476CE6A /* ProjectSteppingAction.hh */,
				3534C11272C04AD8AEA4C100 /* ProjectSteppingVerbose.hh */,
				3C584E5305624CD38375A789 /* Target.hh */,
			);
			name = "Header Files";
			sourceTree = "<group>";
		};
		84F1F8C623CC4C3C9ACE872F /* CMake Rules */ = {
			isa = PBXGroup;
			children = (
			);
			name = "CMake Rules";
			sourceTree = "<group>";
		};
		AD742F7696184AA88C45CFD3 /* B1 */ = {
			isa = PBXGroup;
			children = (
				74074CF5FD9644C7AB8403BE /* CMake Rules */,
				018A57A3124D4C4892547F8B /* CMakeLists.txt */,
			);
			name = B1;
			sourceTree = "<group>";
		};
		B811CB8B02094D37A58B30A1 /* ZERO_CHECK */ = {
			isa = PBXGroup;
			children = (
				84F1F8C623CC4C3C9ACE872F /* CMake Rules */,
				D458945DB7C44062AE14C883 /* CMakeLists.txt */,
			);
			name = ZERO_CHECK;
			sourceTree = "<group>";
		};
		C7AE3BC1FD624D1DA097BBF2 /* Sources */ = {
			isa = PBXGroup;
			children = (
				B811CB8B02094D37A58B30A1 /* ZERO_CHECK */,
				3C68E6F5AD8840F0A0500FA1 /* ALL_BUILD */,
				AD742F7696184AA88C45CFD3 /* B1 */,
				025F5B4429BB41C6BB7E5A64 /* MuonProject_rev2 */,
			);
			name = Sources;
			sourceTree = "<group>";
		};
/* End PBXGroup section */

/* Begin PBXNativeTarget section */
		25621637ECB546E88C96FD76 /* MuonProject_rev2 */ = {
			isa = PBXNativeTarget;
			buildConfigurationList = DC39B9D0D82846DF89764F1A /* Build configuration list for PBXNativeTarget "MuonProject_rev2" */;
			buildPhases = (
				381E7DF684704508A9145356 /* Sources */,
			);
			buildRules = (
			);
			dependencies = (
				5E5798B2268842F8BCBFFA43 /* PBXTargetDependency */,
			);
			name = MuonProject_rev2;
			productName = MuonProject_rev2;
			productReference = 12F9C2BD56954B65B55418D4 /* MuonProject_rev2 */;
			productType = "com.apple.product-type.tool";
		};
/* End PBXNativeTarget section */

/* Begin PBXProject section */
		5DE4B20621FB4DC3A1BBCEB9 /* Project object */ = {
			isa = PBXProject;
			attributes = {
				BuildIndependentTargetsInParallel = YES;
			};
			buildConfigurationList = 2FF86B9FE4854E3291210486 /* Build configuration list for PBXProject "Muonraker" */;
			compatibilityVersion = "Xcode 3.2";
			developmentRegion = English;
			hasScannedForEncodings = 0;
			knownRegions = (
				en,
			);
			mainGroup = 2F9D7A8EB46947B381F5DB7A;
			projectDirPath = ../;
			projectRoot = "";
			targets = (
				2549BE5B0926492CA387A79B /* ALL_BUILD */,
				19DB701B2BCA4062A2BE0083 /* B1 */,
				25621637ECB546E88C96FD76 /* MuonProject_rev2 */,
				1C771AA55B8B4769A42FB8EB /* ZERO_CHECK */,
				FBEC52B61CA14FA6880421AA /* install */,
			);
		};
/* End PBXProject section */

/* Begin PBXShellScriptBuildPhase section */
		021A2A1446FB4867ACB1983C /* CMake Rules */ = {
			isa = PBXShellScriptBuildPhase;
			buildActionMask = 2147483647;
			files = (
			);
			name = "CMake Rules";
			runOnlyForDeploymentPostprocessing = 0;
			shellPath = /bin/sh;
			shellScript = "make -C /Users/alex/Documents/Thin\\ Foil/Xcode -f /Users/alex/Documents/Thin\\ Foil/Xcode/CMakeScripts/B1_cmakeRulesBuildPhase.make$CONFIGURATION all";
			showEnvVarsInLog = 0;
		};
		AFA89ABDA0C24D1A9FC1ECC2 /* CMake Rules */ = {
			isa = PBXShellScriptBuildPhase;
			buildActionMask = 2147483647;
			files = (
			);
			name = "CMake Rules";
			runOnlyForDeploymentPostprocessing = 0;
			shellPath = /bin/sh;
			shellScript = "make -C /Users/alex/Documents/Thin\\ Foil/Xcode -f /Users/alex/Documents/Thin\\ Foil/Xcode/CMakeScripts/ALL_BUILD_cmakeRulesBuildPhase.make$CONFIGURATION all";
			showEnvVarsInLog = 0;
		};
		C11BE36C2BEA4E7A88626372 /* CMake Rules */ = {
			isa = PBXShellScriptBuildPhase;
			buildActionMask = 2147483647;
			files = (
			);
			name = "CMake Rules";
			runOnlyForDeploymentPostprocessing = 0;
			shellPath = /bin/sh;
			shellScript = "make -C /Users/alex/Documents/Thin\\ Foil/Xcode -f /Users/alex/Documents/Thin\\ Foil/Xcode/CMakeScripts/ZERO_CHECK_cmakeRulesBuildPhase.make$CONFIGURATION all";
			showEnvVarsInLog = 0;
		};
		DC1E2D681D9D4406A403571E /* CMake PostBuild Rules */ = {
			isa = PBXShellScriptBuildPhase;
			buildActionMask = 2147483647;
			files = (
			);
			name = "CMake PostBuild Rules";
			runOnlyForDeploymentPostprocessing = 0;
			shellPath = /bin/sh;
			shellScript = "make -C /Users/alex/Documents/Thin\\ Foil/Xcode -f /Users/alex/Documents/Thin\\ Foil/Xcode/CMakeScripts/install_postBuildPhase.make$CONFIGURATION all";
			showEnvVarsInLog = 0;
		};
/* End PBXShellScriptBuildPhase section */

/* Begin PBXSourcesBuildPhase section */
		381E7DF684704508A9145356 /* Sources */ = {
			isa = PBXSourcesBuildPhase;
			buildActionMask = 2147483647;
			files = (
				8F1D0EE323924CC0AF11A1FA /* MuonProject_rev2.cc in Sources */,
				09BF530B48DC4C91AA4868EE /* HistoManager.cc in Sources */,
				314282C0FA344984B8257DF6 /* HistoMessenger.cc in Sources */,
				36ECC66E3B7F4B26842210C5 /* ProjectDetectorMessenger.cc in Sources */,
				81E7B213B893468C8872B226 /* ProjectEventAction.cc in Sources */,
				2E693416600F4C3EA070232C /* ProjectPhysicsList.cc in Sources */,
				85F4CB5D4FD14B218AFFB213 /* ProjectPrimaryGeneratorAction.cc in Sources */,
				CDB8AF1483864A38B3D95956 /* ProjectRun.cc in Sources */,
				1E4567404EC94F3CB9B5CA12 /* ProjectRunAction.cc in Sources */,
				D5642A50333D419589E73441 /* ProjectStackingAction.cc in Sources */,
				0B73FE0A1E82482C8F6606ED /* ProjectSteppingAction.cc in Sources */,
				7E6E96F030784C02AC3B3010 /* ProjectSteppingVerbose.cc in Sources */,
				91499590878B4F73B5AA021B /* Target.cc in Sources */,
			);
			runOnlyForDeploymentPostprocessing = 0;
		};
/* End PBXSourcesBuildPhase section */

/* Begin PBXTargetDependency section */
		0A84AE88950B4C02A09DE974 /* PBXTargetDependency */ = {
			isa = PBXTargetDependency;
			target = 1C771AA55B8B4769A42FB8EB /* ZERO_CHECK */;
			targetProxy = B8D02C7CE05545BFB9FD9085 /* PBXContainerItemProxy */;
		};
		4D2FB3CDA0284C8C9975C452 /* PBXTargetDependency */ = {
			isa = PBXTargetDependency;
			target = 1C771AA55B8B4769A42FB8EB /* ZERO_CHECK */;
			targetProxy = 692D42A85B6F4D41829EBC67 /* PBXContainerItemProxy */;
		};
		5E5798B2268842F8BCBFFA43 /* PBXTargetDependency */ = {
			isa = PBXTargetDependency;
			target = 1C771AA55B8B4769A42FB8EB /* ZERO_CHECK */;
			targetProxy = 0C651372A0754864A2AB93C3 /* PBXContainerItemProxy */;
		};
		8C712A5BCDA74071A8E17ED1 /* PBXTargetDependency */ = {
			isa = PBXTargetDependency;
			target = 2549BE5B0926492CA387A79B /* ALL_BUILD */;
			targetProxy = 9F93DB56A6AA46CE97EB09F9 /* PBXContainerItemProxy */;
		};
		9A2F721017A945F7ABB77282 /* PBXTargetDependency */ = {
			isa = PBXTargetDependency;
			target = 25621637ECB546E88C96FD76 /* MuonProject_rev2 */;
			targetProxy = E49A3630E4424984BF9DC2F3 /* PBXContainerItemProxy */;
		};
/* End PBXTargetDependency section */

/* Begin XCBuildConfiguration section */
		1913598E1FF842DB9ADD0633 /* MinSizeRel */ = {
			isa = XCBuildConfiguration;
			buildSettings = {
				COMBINE_HIDPI_IMAGES = YES;
				GCC_GENERATE_DEBUGGING_SYMBOLS = YES;
				GCC_INLINES_ARE_PRIVATE_EXTERN = NO;
				GCC_OPTIMIZATION_LEVEL = 0;
				GCC_PREPROCESSOR_DEFINITIONS = "'CMAKE_INTDIR=\"$(CONFIGURATION)$(EFFECTIVE_PLATFORM_NAME)\"'";
				GCC_SYMBOLS_PRIVATE_EXTERN = NO;
				HEADER_SEARCH_PATHS = (
					"/Users/alex/geant4.10.02-install/include/Geant4",
					"\"/Users/alex/Documents/Thin Foil/include\"",
					/Users/alex/ROOT/root_install/include,
				);
				INSTALL_PATH = "";
				OTHER_LDFLAGS = " ";
				OTHER_REZFLAGS = "";
				PRODUCT_NAME = ALL_BUILD;
				SECTORDER_FLAGS = "";
				SYMROOT = "/Users/alex/Documents/Thin Foil/Xcode";
				USE_HEADERMAP = NO;
				WARNING_CFLAGS = (
					"-Wmost",
					"-Wno-four-char-constants",
					"-Wno-unknown-pragmas",
					"$(inherited)",
				);
			};
			name = MinSizeRel;
		};
		1C3D0E41FA884B539D6EA117 /* Release */ = {
			isa = XCBuildConfiguration;
			buildSettings = {
				ONLY_ACTIVE_ARCH = YES;
				SDKROOT = /Applications/Xcode.app/Contents/Developer/Platforms/MacOSX.platform/Developer/SDKs/MacOSX10.11.sdk;
				SYMROOT = "/Users/alex/Documents/Thin Foil/Xcode/build";
			};
			name = Release;
		};
		1C68D83E9929430DBC36A157 /* Debug */ = {
			isa = XCBuildConfiguration;
			buildSettings = {
				ONLY_ACTIVE_ARCH = YES;
				SDKROOT = /Applications/Xcode.app/Contents/Developer/Platforms/MacOSX.platform/Developer/SDKs/MacOSX10.11.sdk;
				SYMROOT = "/Users/alex/Documents/Thin Foil/Xcode/build";
			};
			name = Debug;
		};
		1D663C5032414CAB88A7D22A /* Release */ = {
			isa = XCBuildConfiguration;
			buildSettings = {
				COMBINE_HIDPI_IMAGES = YES;
				EXECUTABLE_PREFIX = "";
				EXECUTABLE_SUFFIX = "";
				GCC_GENERATE_DEBUGGING_SYMBOLS = NO;
				GCC_INLINES_ARE_PRIVATE_EXTERN = NO;
				GCC_OPTIMIZATION_LEVEL = 3;
				GCC_PREPROCESSOR_DEFINITIONS = (
					"'CMAKE_INTDIR=\"$(CONFIGURATION)$(EFFECTIVE_PLATFORM_NAME)\"'",
					G4ANALYSIS_USE_ROOT,
					G4_STORE_TRAJECTORY,
					G4VERBOSE,
					G4UI_USE,
					G4VIS_USE,
					G4UI_USE_TCSH,
				);
				GCC_SYMBOLS_PRIVATE_EXTERN = NO;
				HEADER_SEARCH_PATHS = (
					"/Users/alex/geant4.10.02-install/include/Geant4",
					"\"/Users/alex/Documents/Thin Foil/include\"",
					/Users/alex/ROOT/root_install/include,
				);
				INSTALL_PATH = "";
				LD_RUNPATH_SEARCH_PATHS = "/Users/alex/geant4.10.02-install/lib";
				LIBRARY_SEARCH_PATHS = "";
				OTHER_CPLUSPLUSFLAGS = (
					"-W",
					"-Wall",
					"-pedantic",
					"-Wno-non-virtual-dtor",
					"-Wno-long-long",
					"-Wwrite-strings",
					"-Wpointer-arith",
					"-Woverloaded-virtual",
					"-Wno-variadic-macros",
					"-Wshadow",
					"-pipe",
					"-Qunused-arguments",
					"-stdlib=libc++",
					"-DG4USE_STD11",
					"-std=c++11",
					"-DNDEBUG",
					"-DNDEBUG",
					"'-std=c++11'",
				);
				OTHER_LDFLAGS = (
					"-Wl,-search_paths_first",
					"-Wl,-headerpad_max_install_names",
					/Users/alex/ROOT/root_install/lib/libCore.so,
					/Users/alex/ROOT/root_install/lib/libRIO.so,
					/Users/alex/ROOT/root_install/lib/libNet.so,
					/Users/alex/ROOT/root_install/lib/libHist.so,
					/Users/alex/ROOT/root_install/lib/libGraf.so,
					/Users/alex/ROOT/root_install/lib/libGraf3d.so,
					/Users/alex/ROOT/root_install/lib/libGpad.so,
					/Users/alex/ROOT/root_install/lib/libTree.so,
					/Users/alex/ROOT/root_install/lib/libRint.so,
					/Users/alex/ROOT/root_install/lib/libPostscript.so,
					/Users/alex/ROOT/root_install/lib/libMatrix.so,
					/Users/alex/ROOT/root_install/lib/libPhysics.so,
					/Users/alex/ROOT/root_install/lib/libMathCore.so,
					/Users/alex/ROOT/root_install/lib/libThread.so,
					"/Users/alex/geant4.10.02-install/lib/libG4Tree.dylib",
					"/Users/alex/geant4.10.02-install/lib/libG4GMocren.dylib",
					"/Users/alex/geant4.10.02-install/lib/libG4visHepRep.dylib",
					"/Users/alex/geant4.10.02-install/lib/libG4RayTracer.dylib",
					"/Users/alex/geant4.10.02-install/lib/libG4VRML.dylib",
					"/Users/alex/geant4.10.02-install/lib/libG4interfaces.dylib",
					"/Users/alex/geant4.10.02-install/lib/libG4persistency.dylib",
					"/Users/alex/geant4.10.02-install/lib/libG4analysis.dylib",
					"/Users/alex/geant4.10.02-install/lib/libG4error_propagation.dylib",
					"/Users/alex/geant4.10.02-install/lib/libG4readout.dylib",
					"/Users/alex/geant4.10.02-install/lib/libG4physicslists.dylib",
					"/Users/alex/geant4.10.02-install/lib/libG4parmodels.dylib",
					"/Users/alex/geant4.10.02-install/lib/libG4FR.dylib",
					"/Users/alex/geant4.10.02-install/lib/libG4vis_management.dylib",
					"/Users/alex/geant4.10.02-install/lib/libG4modeling.dylib",
					"/Users/alex/geant4.10.02-install/lib/libG4run.dylib",
					"/Users/alex/geant4.10.02-install/lib/libG4event.dylib",
					"/Users/alex/geant4.10.02-install/lib/libG4tracking.dylib",
					"/Users/alex/geant4.10.02-install/lib/libG4processes.dylib",
					"/Users/alex/geant4.10.02-install/lib/libG4zlib.dylib",
					/usr/lib/libexpat.dylib,
					"/Users/alex/geant4.10.02-install/lib/libG4digits_hits.dylib",
					"/Users/alex/geant4.10.02-install/lib/libG4track.dylib",
					"/Users/alex/geant4.10.02-install/lib/libG4particles.dylib",
					"/Users/alex/geant4.10.02-install/lib/libG4geometry.dylib",
					"/Users/alex/geant4.10.02-install/lib/libG4materials.dylib",
					"/Users/alex/geant4.10.02-install/lib/libG4graphics_reps.dylib",
					"/Users/alex/geant4.10.02-install/lib/libG4intercoms.dylib",
					"/Users/alex/geant4.10.02-install/lib/libG4global.dylib",
					"/Users/alex/geant4.10.02-install/lib/libG4clhep.dylib",
				);
				OTHER_REZFLAGS = "";
				PRODUCT_NAME = MuonProject_rev2;
				SECTORDER_FLAGS = "";
				SYMROOT = "/Users/alex/Documents/Thin Foil/Xcode";
				USE_HEADERMAP = NO;
				WARNING_CFLAGS = (
					"-Wmost",
					"-Wno-four-char-constants",
					"-Wno-unknown-pragmas",
					"$(inherited)",
				);
			};
			name = Release;
		};
		1F81D4694F4A4966A6836DE6 /* Debug */ = {
			isa = XCBuildConfiguration;
			buildSettings = {
				COMBINE_HIDPI_IMAGES = YES;
				GCC_GENERATE_DEBUGGING_SYMBOLS = YES;
				GCC_INLINES_ARE_PRIVATE_EXTERN = NO;
				GCC_OPTIMIZATION_LEVEL = 0;
				GCC_PREPROCESSOR_DEFINITIONS = "'CMAKE_INTDIR=\"$(CONFIGURATION)$(EFFECTIVE_PLATFORM_NAME)\"'";
				GCC_SYMBOLS_PRIVATE_EXTERN = NO;
				HEADER_SEARCH_PATHS = (
					"/Users/alex/geant4.10.02-install/include/Geant4",
					"\"/Users/alex/Documents/Thin Foil/include\"",
					/Users/alex/ROOT/root_install/include,
				);
				INSTALL_PATH = "";
				OTHER_LDFLAGS = " ";
				OTHER_REZFLAGS = "";
				PRODUCT_NAME = install;
				SECTORDER_FLAGS = "";
				SYMROOT = "/Users/alex/Documents/Thin Foil/Xcode";
				USE_HEADERMAP = NO;
				WARNING_CFLAGS = (
					"-Wmost",
					"-Wno-four-char-constants",
					"-Wno-unknown-pragmas",
					"$(inherited)",
				);
			};
			name = Debug;
		};
		2EAE0A47008249F8B6780E9D /* Release */ = {
			isa = XCBuildConfiguration;
			buildSettings = {
				COMBINE_HIDPI_IMAGES = YES;
				GCC_GENERATE_DEBUGGING_SYMBOLS = YES;
				GCC_INLINES_ARE_PRIVATE_EXTERN = NO;
				GCC_OPTIMIZATION_LEVEL = 0;
				GCC_PREPROCESSOR_DEFINITIONS = "'CMAKE_INTDIR=\"$(CONFIGURATION)$(EFFECTIVE_PLATFORM_NAME)\"'";
				GCC_SYMBOLS_PRIVATE_EXTERN = NO;
				HEADER_SEARCH_PATHS = (
					"/Users/alex/geant4.10.02-install/include/Geant4",
					"\"/Users/alex/Documents/Thin Foil/include\"",
					/Users/alex/ROOT/root_install/include,
				);
				INSTALL_PATH = "";
				OTHER_LDFLAGS = " ";
				OTHER_REZFLAGS = "";
				PRODUCT_NAME = install;
				SECTORDER_FLAGS = "";
				SYMROOT = "/Users/alex/Documents/Thin Foil/Xcode";
				USE_HEADERMAP = NO;
				WARNING_CFLAGS = (
					"-Wmost",
					"-Wno-four-char-constants",
					"-Wno-unknown-pragmas",
					"$(inherited)",
				);
			};
			name = Release;
		};
		2EC7AE9971EB420F934FD421 /* Release */ = {
			isa = XCBuildConfiguration;
			buildSettings = {
				COMBINE_HIDPI_IMAGES = YES;
				GCC_GENERATE_DEBUGGING_SYMBOLS = YES;
				GCC_INLINES_ARE_PRIVATE_EXTERN = NO;
				GCC_OPTIMIZATION_LEVEL = 0;
				GCC_PREPROCESSOR_DEFINITIONS = "'CMAKE_INTDIR=\"$(CONFIGURATION)$(EFFECTIVE_PLATFORM_NAME)\"'";
				GCC_SYMBOLS_PRIVATE_EXTERN = NO;
				HEADER_SEARCH_PATHS = (
					"/Users/alex/geant4.10.02-install/include/Geant4",
					"\"/Users/alex/Documents/Thin Foil/include\"",
					/Users/alex/ROOT/root_install/include,
				);
				INSTALL_PATH = "";
				OTHER_LDFLAGS = " ";
				OTHER_REZFLAGS = "";
				PRODUCT_NAME = ALL_BUILD;
				SECTORDER_FLAGS = "";
				SYMROOT = "/Users/alex/Documents/Thin Foil/Xcode";
				USE_HEADERMAP = NO;
				WARNING_CFLAGS = (
					"-Wmost",
					"-Wno-four-char-constants",
					"-Wno-unknown-pragmas",
					"$(inherited)",
				);
			};
			name = Release;
		};
		3A05FF4FC6AE4A65A59613CE /* RelWithDebInfo */ = {
			isa = XCBuildConfiguration;
			buildSettings = {
				COMBINE_HIDPI_IMAGES = YES;
				GCC_GENERATE_DEBUGGING_SYMBOLS = YES;
				GCC_INLINES_ARE_PRIVATE_EXTERN = NO;
				GCC_OPTIMIZATION_LEVEL = 0;
				GCC_PREPROCESSOR_DEFINITIONS = "'CMAKE_INTDIR=\"$(CONFIGURATION)$(EFFECTIVE_PLATFORM_NAME)\"'";
				GCC_SYMBOLS_PRIVATE_EXTERN = NO;
				HEADER_SEARCH_PATHS = (
					"/Users/alex/geant4.10.02-install/include/Geant4",
					"\"/Users/alex/Documents/Thin Foil/include\"",
					/Users/alex/ROOT/root_install/include,
				);
				INSTALL_PATH = "";
				OTHER_LDFLAGS = " ";
				OTHER_REZFLAGS = "";
				PRODUCT_NAME = ZERO_CHECK;
				SECTORDER_FLAGS = "";
				SYMROOT = "/Users/alex/Documents/Thin Foil/Xcode";
				USE_HEADERMAP = NO;
				WARNING_CFLAGS = (
					"-Wmost",
					"-Wno-four-char-constants",
					"-Wno-unknown-pragmas",
					"$(inherited)",
				);
			};
			name = RelWithDebInfo;
		};
		48B92F8C6A8B4557B3CE945F /* RelWithDebInfo */ = {
			isa = XCBuildConfiguration;
			buildSettings = {
				COMBINE_HIDPI_IMAGES = YES;
				GCC_GENERATE_DEBUGGING_SYMBOLS = YES;
				GCC_INLINES_ARE_PRIVATE_EXTERN = NO;
				GCC_OPTIMIZATION_LEVEL = 0;
				GCC_PREPROCESSOR_DEFINITIONS = (
					"'CMAKE_INTDIR=\"$(CONFIGURATION)$(EFFECTIVE_PLATFORM_NAME)\"'",
					G4ANALYSIS_USE_ROOT,
					G4_STORE_TRAJECTORY,
					G4VERBOSE,
					G4UI_USE,
					G4VIS_USE,
					G4UI_USE_TCSH,
				);
				GCC_SYMBOLS_PRIVATE_EXTERN = NO;
				HEADER_SEARCH_PATHS = (
					"/Users/alex/geant4.10.02-install/include/Geant4",
					"\"/Users/alex/Documents/Thin Foil/include\"",
					/Users/alex/ROOT/root_install/include,
				);
				INSTALL_PATH = "";
				OTHER_LDFLAGS = " ";
				OTHER_REZFLAGS = "";
				PRODUCT_NAME = B1;
				SECTORDER_FLAGS = "";
				SYMROOT = "/Users/alex/Documents/Thin Foil/Xcode";
				USE_HEADERMAP = NO;
				WARNING_CFLAGS = (
					"-Wmost",
					"-Wno-four-char-constants",
					"-Wno-unknown-pragmas",
					"$(inherited)",
				);
			};
			name = RelWithDebInfo;
		};
		52D03994512F483BB2BB22BA /* Debug */ = {
			isa = XCBuildConfiguration;
			buildSettings = {
				COMBINE_HIDPI_IMAGES = YES;
				GCC_GENERATE_DEBUGGING_SYMBOLS = YES;
				GCC_INLINES_ARE_PRIVATE_EXTERN = NO;
				GCC_OPTIMIZATION_LEVEL = 0;
				GCC_PREPROCESSOR_DEFINITIONS = "'CMAKE_INTDIR=\"$(CONFIGURATION)$(EFFECTIVE_PLATFORM_NAME)\"'";
				GCC_SYMBOLS_PRIVATE_EXTERN = NO;
				HEADER_SEARCH_PATHS = (
					"/Users/alex/geant4.10.02-install/include/Geant4",
					"\"/Users/alex/Documents/Thin Foil/include\"",
					/Users/alex/ROOT/root_install/include,
				);
				INSTALL_PATH = "";
				OTHER_LDFLAGS = " ";
				OTHER_REZFLAGS = "";
				PRODUCT_NAME = ZERO_CHECK;
				SECTORDER_FLAGS = "";
				SYMROOT = "/Users/alex/Documents/Thin Foil/Xcode";
				USE_HEADERMAP = NO;
				WARNING_CFLAGS = (
					"-Wmost",
					"-Wno-four-char-constants",
					"-Wno-unknown-pragmas",
					"$(inherited)",
				);
			};
			name = Debug;
		};
		5A8B7B72BC51466D9308C084 /* RelWithDebInfo */ = {
			isa = XCBuildConfiguration;
			buildSettings = {
				COMBINE_HIDPI_IMAGES = YES;
				GCC_GENERATE_DEBUGGING_SYMBOLS = YES;
				GCC_INLINES_ARE_PRIVATE_EXTERN = NO;
				GCC_OPTIMIZATION_LEVEL = 0;
				GCC_PREPROCESSOR_DEFINITIONS = "'CMAKE_INTDIR=\"$(CONFIGURATION)$(EFFECTIVE_PLATFORM_NAME)\"'";
				GCC_SYMBOLS_PRIVATE_EXTERN = NO;
				HEADER_SEARCH_PATHS = (
					"/Users/alex/geant4.10.02-install/include/Geant4",
					"\"/Users/alex/Documents/Thin Foil/include\"",
					/Users/alex/ROOT/root_install/include,
				);
				INSTALL_PATH = "";
				OTHER_LDFLAGS = " ";
				OTHER_REZFLAGS = "";
				PRODUCT_NAME = install;
				SECTORDER_FLAGS = "";
				SYMROOT = "/Users/alex/Documents/Thin Foil/Xcode";
				USE_HEADERMAP = NO;
				WARNING_CFLAGS = (
					"-Wmost",
					"-Wno-four-char-constants",
					"-Wno-unknown-pragmas",
					"$(inherited)",
				);
			};
			name = RelWithDebInfo;
		};
		5D4590BBB7584FB5B21B81AD /* RelWithDebInfo */ = {
			isa = XCBuildConfiguration;
			buildSettings = {
				COMBINE_HIDPI_IMAGES = YES;
				GCC_GENERATE_DEBUGGING_SYMBOLS = YES;
				GCC_INLINES_ARE_PRIVATE_EXTERN = NO;
				GCC_OPTIMIZATION_LEVEL = 0;
				GCC_PREPROCESSOR_DEFINITIONS = "'CMAKE_INTDIR=\"$(CONFIGURATION)$(EFFECTIVE_PLATFORM_NAME)\"'";
				GCC_SYMBOLS_PRIVATE_EXTERN = NO;
				HEADER_SEARCH_PATHS = (
					"/Users/alex/geant4.10.02-install/include/Geant4",
					"\"/Users/alex/Documents/Thin Foil/include\"",
					/Users/alex/ROOT/root_install/include,
				);
				INSTALL_PATH = "";
				OTHER_LDFLAGS = " ";
				OTHER_REZFLAGS = "";
				PRODUCT_NAME = ALL_BUILD;
				SECTORDER_FLAGS = "";
				SYMROOT = "/Users/alex/Documents/Thin Foil/Xcode";
				USE_HEADERMAP = NO;
				WARNING_CFLAGS = (
					"-Wmost",
					"-Wno-four-char-constants",
					"-Wno-unknown-pragmas",
					"$(inherited)",
				);
			};
			name = RelWithDebInfo;
		};
		69AC3014DCDE49B4A5DAE077 /* MinSizeRel */ = {
			isa = XCBuildConfiguration;
			buildSettings = {
				COMBINE_HIDPI_IMAGES = YES;
				GCC_GENERATE_DEBUGGING_SYMBOLS = YES;
				GCC_INLINES_ARE_PRIVATE_EXTERN = NO;
				GCC_OPTIMIZATION_LEVEL = 0;
				GCC_PREPROCESSOR_DEFINITIONS = "'CMAKE_INTDIR=\"$(CONFIGURATION)$(EFFECTIVE_PLATFORM_NAME)\"'";
				GCC_SYMBOLS_PRIVATE_EXTERN = NO;
				HEADER_SEARCH_PATHS = (
					"/Users/alex/geant4.10.02-install/include/Geant4",
					"\"/Users/alex/Documents/Thin Foil/include\"",
					/Users/alex/ROOT/root_install/include,
				);
				INSTALL_PATH = "";
				OTHER_LDFLAGS = " ";
				OTHER_REZFLAGS = "";
				PRODUCT_NAME = install;
				SECTORDER_FLAGS = "";
				SYMROOT = "/Users/alex/Documents/Thin Foil/Xcode";
				USE_HEADERMAP = NO;
				WARNING_CFLAGS = (
					"-Wmost",
					"-Wno-four-char-constants",
					"-Wno-unknown-pragmas",
					"$(inherited)",
				);
			};
			name = MinSizeRel;
		};
		6C5E904E55C94FA18B2602E3 /* RelWithDebInfo */ = {
			isa = XCBuildConfiguration;
			buildSettings = {
				COMBINE_HIDPI_IMAGES = YES;
				EXECUTABLE_PREFIX = "";
				EXECUTABLE_SUFFIX = "";
				GCC_GENERATE_DEBUGGING_SYMBOLS = YES;
				GCC_INLINES_ARE_PRIVATE_EXTERN = NO;
				GCC_OPTIMIZATION_LEVEL = 2;
				GCC_PREPROCESSOR_DEFINITIONS = (
					"'CMAKE_INTDIR=\"$(CONFIGURATION)$(EFFECTIVE_PLATFORM_NAME)\"'",
					G4ANALYSIS_USE_ROOT,
					G4_STORE_TRAJECTORY,
					G4VERBOSE,
					G4UI_USE,
					G4VIS_USE,
					G4UI_USE_TCSH,
				);
				GCC_SYMBOLS_PRIVATE_EXTERN = NO;
				HEADER_SEARCH_PATHS = (
					"/Users/alex/geant4.10.02-install/include/Geant4",
					"\"/Users/alex/Documents/Thin Foil/include\"",
					/Users/alex/ROOT/root_install/include,
				);
				INSTALL_PATH = "";
				LD_RUNPATH_SEARCH_PATHS = "/Users/alex/geant4.10.02-install/lib";
				LIBRARY_SEARCH_PATHS = "";
				OTHER_CPLUSPLUSFLAGS = (
					"-W",
					"-Wall",
					"-pedantic",
					"-Wno-non-virtual-dtor",
					"-Wno-long-long",
					"-Wwrite-strings",
					"-Wpointer-arith",
					"-Woverloaded-virtual",
					"-Wno-variadic-macros",
					"-Wshadow",
					"-pipe",
					"-Qunused-arguments",
					"-stdlib=libc++",
					"-DG4USE_STD11",
					"-std=c++11",
					"-DNDEBUG",
					"'-std=c++11'",
				);
				OTHER_LDFLAGS = (
					"-Wl,-search_paths_first",
					"-Wl,-headerpad_max_install_names",
					/Users/alex/ROOT/root_install/lib/libCore.so,
					/Users/alex/ROOT/root_install/lib/libRIO.so,
					/Users/alex/ROOT/root_install/lib/libNet.so,
					/Users/alex/ROOT/root_install/lib/libHist.so,
					/Users/alex/ROOT/root_install/lib/libGraf.so,
					/Users/alex/ROOT/root_install/lib/libGraf3d.so,
					/Users/alex/ROOT/root_install/lib/libGpad.so,
					/Users/alex/ROOT/root_install/lib/libTree.so,
					/Users/alex/ROOT/root_install/lib/libRint.so,
					/Users/alex/ROOT/root_install/lib/libPostscript.so,
					/Users/alex/ROOT/root_install/lib/libMatrix.so,
					/Users/alex/ROOT/root_install/lib/libPhysics.so,
					/Users/alex/ROOT/root_install/lib/libMathCore.so,
					/Users/alex/ROOT/root_install/lib/libThread.so,
					"/Users/alex/geant4.10.02-install/lib/libG4Tree.dylib",
					"/Users/alex/geant4.10.02-install/lib/libG4GMocren.dylib",
					"/Users/alex/geant4.10.02-install/lib/libG4visHepRep.dylib",
					"/Users/alex/geant4.10.02-install/lib/libG4RayTracer.dylib",
					"/Users/alex/geant4.10.02-install/lib/libG4VRML.dylib",
					"/Users/alex/geant4.10.02-install/lib/libG4interfaces.dylib",
					"/Users/alex/geant4.10.02-install/lib/libG4persistency.dylib",
					"/Users/alex/geant4.10.02-install/lib/libG4analysis.dylib",
					"/Users/alex/geant4.10.02-install/lib/libG4error_propagation.dylib",
					"/Users/alex/geant4.10.02-install/lib/libG4readout.dylib",
					"/Users/alex/geant4.10.02-install/lib/libG4physicslists.dylib",
					"/Users/alex/geant4.10.02-install/lib/libG4parmodels.dylib",
					"/Users/alex/geant4.10.02-install/lib/libG4FR.dylib",
					"/Users/alex/geant4.10.02-install/lib/libG4vis_management.dylib",
					"/Users/alex/geant4.10.02-install/lib/libG4modeling.dylib",
					"/Users/alex/geant4.10.02-install/lib/libG4run.dylib",
					"/Users/alex/geant4.10.02-install/lib/libG4event.dylib",
					"/Users/alex/geant4.10.02-install/lib/libG4tracking.dylib",
					"/Users/alex/geant4.10.02-install/lib/libG4processes.dylib",
					"/Users/alex/geant4.10.02-install/lib/libG4zlib.dylib",
					/usr/lib/libexpat.dylib,
					"/Users/alex/geant4.10.02-install/lib/libG4digits_hits.dylib",
					"/Users/alex/geant4.10.02-install/lib/libG4track.dylib",
					"/Users/alex/geant4.10.02-install/lib/libG4particles.dylib",
					"/Users/alex/geant4.10.02-install/lib/libG4geometry.dylib",
					"/Users/alex/geant4.10.02-install/lib/libG4materials.dylib",
					"/Users/alex/geant4.10.02-install/lib/libG4graphics_reps.dylib",
					"/Users/alex/geant4.10.02-install/lib/libG4intercoms.dylib",
					"/Users/alex/geant4.10.02-install/lib/libG4global.dylib",
					"/Users/alex/geant4.10.02-install/lib/libG4clhep.dylib",
				);
				OTHER_REZFLAGS = "";
				PRODUCT_NAME = MuonProject_rev2;
				SECTORDER_FLAGS = "";
				SYMROOT = "/Users/alex/Documents/Thin Foil/Xcode";
				USE_HEADERMAP = NO;
				WARNING_CFLAGS = (
					"-Wmost",
					"-Wno-four-char-constants",
					"-Wno-unknown-pragmas",
					"$(inherited)",
				);
			};
			name = RelWithDebInfo;
		};
		9707E9D56CC84FF5BE13E64E /* Debug */ = {
			isa = XCBuildConfiguration;
			buildSettings = {
				COMBINE_HIDPI_IMAGES = YES;
				EXECUTABLE_PREFIX = "";
				EXECUTABLE_SUFFIX = "";
				GCC_GENERATE_DEBUGGING_SYMBOLS = YES;
				GCC_INLINES_ARE_PRIVATE_EXTERN = NO;
				GCC_OPTIMIZATION_LEVEL = 0;
				GCC_PREPROCESSOR_DEFINITIONS = (
					"'CMAKE_INTDIR=\"$(CONFIGURATION)$(EFFECTIVE_PLATFORM_NAME)\"'",
					G4ANALYSIS_USE_ROOT,
					G4_STORE_TRAJECTORY,
					G4VERBOSE,
					G4UI_USE,
					G4VIS_USE,
					G4UI_USE_TCSH,
				);
				GCC_SYMBOLS_PRIVATE_EXTERN = NO;
				HEADER_SEARCH_PATHS = (
					"/Users/alex/geant4.10.02-install/include/Geant4",
					"\"/Users/alex/Documents/Thin Foil/include\"",
					/Users/alex/ROOT/root_install/include,
				);
				INSTALL_PATH = "";
				LD_RUNPATH_SEARCH_PATHS = "/Users/alex/geant4.10.02-install/lib";
				LIBRARY_SEARCH_PATHS = "";
				OTHER_CPLUSPLUSFLAGS = (
					"-W",
					"-Wall",
					"-pedantic",
					"-Wno-non-virtual-dtor",
					"-Wno-long-long",
					"-Wwrite-strings",
					"-Wpointer-arith",
					"-Woverloaded-virtual",
					"-Wno-variadic-macros",
					"-Wshadow",
					"-pipe",
					"-Qunused-arguments",
					"-stdlib=libc++",
					"-DG4USE_STD11",
					"-std=c++11",
					"-DG4FPE_DEBUG",
					"'-std=c++11'",
				);
				OTHER_LDFLAGS = (
					"-Wl,-search_paths_first",
					"-Wl,-headerpad_max_install_names",
					/Users/alex/ROOT/root_install/lib/libCore.so,
					/Users/alex/ROOT/root_install/lib/libRIO.so,
					/Users/alex/ROOT/root_install/lib/libNet.so,
					/Users/alex/ROOT/root_install/lib/libHist.so,
					/Users/alex/ROOT/root_install/lib/libGraf.so,
					/Users/alex/ROOT/root_install/lib/libGraf3d.so,
					/Users/alex/ROOT/root_install/lib/libGpad.so,
					/Users/alex/ROOT/root_install/lib/libTree.so,
					/Users/alex/ROOT/root_install/lib/libRint.so,
					/Users/alex/ROOT/root_install/lib/libPostscript.so,
					/Users/alex/ROOT/root_install/lib/libMatrix.so,
					/Users/alex/ROOT/root_install/lib/libPhysics.so,
					/Users/alex/ROOT/root_install/lib/libMathCore.so,
					/Users/alex/ROOT/root_install/lib/libThread.so,
					"/Users/alex/geant4.10.02-install/lib/libG4Tree.dylib",
					"/Users/alex/geant4.10.02-install/lib/libG4GMocren.dylib",
					"/Users/alex/geant4.10.02-install/lib/libG4visHepRep.dylib",
					"/Users/alex/geant4.10.02-install/lib/libG4RayTracer.dylib",
					"/Users/alex/geant4.10.02-install/lib/libG4VRML.dylib",
					"/Users/alex/geant4.10.02-install/lib/libG4interfaces.dylib",
					"/Users/alex/geant4.10.02-install/lib/libG4persistency.dylib",
					"/Users/alex/geant4.10.02-install/lib/libG4analysis.dylib",
					"/Users/alex/geant4.10.02-install/lib/libG4error_propagation.dylib",
					"/Users/alex/geant4.10.02-install/lib/libG4readout.dylib",
					"/Users/alex/geant4.10.02-install/lib/libG4physicslists.dylib",
					"/Users/alex/geant4.10.02-install/lib/libG4parmodels.dylib",
					"/Users/alex/geant4.10.02-install/lib/libG4FR.dylib",
					"/Users/alex/geant4.10.02-install/lib/libG4vis_management.dylib",
					"/Users/alex/geant4.10.02-install/lib/libG4modeling.dylib",
					"/Users/alex/geant4.10.02-install/lib/libG4run.dylib",
					"/Users/alex/geant4.10.02-install/lib/libG4event.dylib",
					"/Users/alex/geant4.10.02-install/lib/libG4tracking.dylib",
					"/Users/alex/geant4.10.02-install/lib/libG4processes.dylib",
					"/Users/alex/geant4.10.02-install/lib/libG4zlib.dylib",
					/usr/lib/libexpat.dylib,
					"/Users/alex/geant4.10.02-install/lib/libG4digits_hits.dylib",
					"/Users/alex/geant4.10.02-install/lib/libG4track.dylib",
					"/Users/alex/geant4.10.02-install/lib/libG4particles.dylib",
					"/Users/alex/geant4.10.02-install/lib/libG4geometry.dylib",
					"/Users/alex/geant4.10.02-install/lib/libG4materials.dylib",
					"/Users/alex/geant4.10.02-install/lib/libG4graphics_reps.dylib",
					"/Users/alex/geant4.10.02-install/lib/libG4intercoms.dylib",
					"/Users/alex/geant4.10.02-install/lib/libG4global.dylib",
					"/Users/alex/geant4.10.02-install/lib/libG4clhep.dylib",
				);
				OTHER_REZFLAGS = "";
				PRODUCT_NAME = MuonProject_rev2;
				SECTORDER_FLAGS = "";
				SYMROOT = "/Users/alex/Documents/Thin Foil/Xcode";
				USE_HEADERMAP = NO;
				WARNING_CFLAGS = (
					"-Wmost",
					"-Wno-four-char-constants",
					"-Wno-unknown-pragmas",
					"$(inherited)",
				);
			};
			name = Debug;
		};
		9735CF1756D743F6AAC13DA6 /* MinSizeRel */ = {
			isa = XCBuildConfiguration;
			buildSettings = {
				COMBINE_HIDPI_IMAGES = YES;
				GCC_GENERATE_DEBUGGING_SYMBOLS = YES;
				GCC_INLINES_ARE_PRIVATE_EXTERN = NO;
				GCC_OPTIMIZATION_LEVEL = 0;
				GCC_PREPROCESSOR_DEFINITIONS = (
					"'CMAKE_INTDIR=\"$(CONFIGURATION)$(EFFECTIVE_PLATFORM_NAME)\"'",
					G4ANALYSIS_USE_ROOT,
					G4_STORE_TRAJECTORY,
					G4VERBOSE,
					G4UI_USE,
					G4VIS_USE,
					G4UI_USE_TCSH,
				);
				GCC_SYMBOLS_PRIVATE_EXTERN = NO;
				HEADER_SEARCH_PATHS = (
					"/Users/alex/geant4.10.02-install/include/Geant4",
					"\"/Users/alex/Documents/Thin Foil/include\"",
					/Users/alex/ROOT/root_install/include,
				);
				INSTALL_PATH = "";
				OTHER_LDFLAGS = " ";
				OTHER_REZFLAGS = "";
				PRODUCT_NAME = B1;
				SECTORDER_FLAGS = "";
				SYMROOT = "/Users/alex/Documents/Thin Foil/Xcode";
				USE_HEADERMAP = NO;
				WARNING_CFLAGS = (
					"-Wmost",
					"-Wno-four-char-constants",
					"-Wno-unknown-pragmas",
					"$(inherited)",
				);
			};
			name = MinSizeRel;
		};
		A894BD44CD4C40608BBCB322 /* MinSizeRel */ = {
			isa = XCBuildConfiguration;
			buildSettings = {
				ONLY_ACTIVE_ARCH = YES;
				SDKROOT = /Applications/Xcode.app/Contents/Developer/Platforms/MacOSX.platform/Developer/SDKs/MacOSX10.11.sdk;
				SYMROOT = "/Users/alex/Documents/Thin Foil/Xcode/build";
			};
			name = MinSizeRel;
		};
		AA469416B7854D6D88A9559B /* RelWithDebInfo */ = {
			isa = XCBuildConfiguration;
			buildSettings = {
				ONLY_ACTIVE_ARCH = YES;
				SDKROOT = /Applications/Xcode.app/Contents/Developer/Platforms/MacOSX.platform/Developer/SDKs/MacOSX10.11.sdk;
				SYMROOT = "/Users/alex/Documents/Thin Foil/Xcode/build";
			};
			name = RelWithDebInfo;
		};
		B2B3F2ED5A2D4E2D933F4642 /* MinSizeRel */ = {
			isa = XCBuildConfiguration;
			buildSettings = {
				COMBINE_HIDPI_IMAGES = YES;
				EXECUTABLE_PREFIX = "";
				EXECUTABLE_SUFFIX = "";
				GCC_GENERATE_DEBUGGING_SYMBOLS = NO;
				GCC_INLINES_ARE_PRIVATE_EXTERN = NO;
				GCC_OPTIMIZATION_LEVEL = s;
				GCC_PREPROCESSOR_DEFINITIONS = (
					"'CMAKE_INTDIR=\"$(CONFIGURATION)$(EFFECTIVE_PLATFORM_NAME)\"'",
					G4ANALYSIS_USE_ROOT,
					G4_STORE_TRAJECTORY,
					G4VERBOSE,
					G4UI_USE,
					G4VIS_USE,
					G4UI_USE_TCSH,
				);
				GCC_SYMBOLS_PRIVATE_EXTERN = NO;
				HEADER_SEARCH_PATHS = (
					"/Users/alex/geant4.10.02-install/include/Geant4",
					"\"/Users/alex/Documents/Thin Foil/include\"",
					/Users/alex/ROOT/root_install/include,
				);
				INSTALL_PATH = "";
				LD_RUNPATH_SEARCH_PATHS = "/Users/alex/geant4.10.02-install/lib";
				LIBRARY_SEARCH_PATHS = "";
				OTHER_CPLUSPLUSFLAGS = (
					"-W",
					"-Wall",
					"-pedantic",
					"-Wno-non-virtual-dtor",
					"-Wno-long-long",
					"-Wwrite-strings",
					"-Wpointer-arith",
					"-Woverloaded-virtual",
					"-Wno-variadic-macros",
					"-Wshadow",
					"-pipe",
					"-Qunused-arguments",
					"-stdlib=libc++",
					"-DG4USE_STD11",
					"-std=c++11",
					"-DNDEBUG",
					"-DNDEBUG",
					"'-std=c++11'",
				);
				OTHER_LDFLAGS = (
					"-Wl,-search_paths_first",
					"-Wl,-headerpad_max_install_names",
					/Users/alex/ROOT/root_install/lib/libCore.so,
					/Users/alex/ROOT/root_install/lib/libRIO.so,
					/Users/alex/ROOT/root_install/lib/libNet.so,
					/Users/alex/ROOT/root_install/lib/libHist.so,
					/Users/alex/ROOT/root_install/lib/libGraf.so,
					/Users/alex/ROOT/root_install/lib/libGraf3d.so,
					/Users/alex/ROOT/root_install/lib/libGpad.so,
					/Users/alex/ROOT/root_install/lib/libTree.so,
					/Users/alex/ROOT/root_install/lib/libRint.so,
					/Users/alex/ROOT/root_install/lib/libPostscript.so,
					/Users/alex/ROOT/root_install/lib/libMatrix.so,
					/Users/alex/ROOT/root_install/lib/libPhysics.so,
					/Users/alex/ROOT/root_install/lib/libMathCore.so,
					/Users/alex/ROOT/root_install/lib/libThread.so,
					"/Users/alex/geant4.10.02-install/lib/libG4Tree.dylib",
					"/Users/alex/geant4.10.02-install/lib/libG4GMocren.dylib",
					"/Users/alex/geant4.10.02-install/lib/libG4visHepRep.dylib",
					"/Users/alex/geant4.10.02-install/lib/libG4RayTracer.dylib",
					"/Users/alex/geant4.10.02-install/lib/libG4VRML.dylib",
					"/Users/alex/geant4.10.02-install/lib/libG4interfaces.dylib",
					"/Users/alex/geant4.10.02-install/lib/libG4persistency.dylib",
					"/Users/alex/geant4.10.02-install/lib/libG4analysis.dylib",
					"/Users/alex/geant4.10.02-install/lib/libG4error_propagation.dylib",
					"/Users/alex/geant4.10.02-install/lib/libG4readout.dylib",
					"/Users/alex/geant4.10.02-install/lib/libG4physicslists.dylib",
					"/Users/alex/geant4.10.02-install/lib/libG4parmodels.dylib",
					"/Users/alex/geant4.10.02-install/lib/libG4FR.dylib",
					"/Users/alex/geant4.10.02-install/lib/libG4vis_management.dylib",
					"/Users/alex/geant4.10.02-install/lib/libG4modeling.dylib",
					"/Users/alex/geant4.10.02-install/lib/libG4run.dylib",
					"/Users/alex/geant4.10.02-install/lib/libG4event.dylib",
					"/Users/alex/geant4.10.02-install/lib/libG4tracking.dylib",
					"/Users/alex/geant4.10.02-install/lib/libG4processes.dylib",
					"/Users/alex/geant4.10.02-install/lib/libG4zlib.dylib",
					/usr/lib/libexpat.dylib,
					"/Users/alex/geant4.10.02-install/lib/libG4digits_hits.dylib",
					"/Users/alex/geant4.10.02-install/lib/libG4track.dylib",
					"/Users/alex/geant4.10.02-install/lib/libG4particles.dylib",
					"/Users/alex/geant4.10.02-install/lib/libG4geometry.dylib",
					"/Users/alex/geant4.10.02-install/lib/libG4materials.dylib",
					"/Users/alex/geant4.10.02-install/lib/libG4graphics_reps.dylib",
					"/Users/alex/geant4.10.02-install/lib/libG4intercoms.dylib",
					"/Users/alex/geant4.10.02-install/lib/libG4global.dylib",
					"/Users/alex/geant4.10.02-install/lib/libG4clhep.dylib",
				);
				OTHER_REZFLAGS = "";
				PRODUCT_NAME = MuonProject_rev2;
				SECTORDER_FLAGS = "";
				SYMROOT = "/Users/alex/Documents/Thin Foil/Xcode";
				USE_HEADERMAP = NO;
				WARNING_CFLAGS = (
					"-Wmost",
					"-Wno-four-char-constants",
					"-Wno-unknown-pragmas",
					"$(inherited)",
				);
			};
			name = MinSizeRel;
		};
		C14584FDEF0B4F5D8F5FFFAC /* Debug */ = {
			isa = XCBuildConfiguration;
			buildSettings = {
				COMBINE_HIDPI_IMAGES = YES;
				GCC_GENERATE_DEBUGGING_SYMBOLS = YES;
				GCC_INLINES_ARE_PRIVATE_EXTERN = NO;
				GCC_OPTIMIZATION_LEVEL = 0;
				GCC_PREPROCESSOR_DEFINITIONS = "'CMAKE_INTDIR=\"$(CONFIGURATION)$(EFFECTIVE_PLATFORM_NAME)\"'";
				GCC_SYMBOLS_PRIVATE_EXTERN = NO;
				HEADER_SEARCH_PATHS = (
					"/Users/alex/geant4.10.02-install/include/Geant4",
					"\"/Users/alex/Documents/Thin Foil/include\"",
					/Users/alex/ROOT/root_install/include,
				);
				INSTALL_PATH = "";
				OTHER_LDFLAGS = " ";
				OTHER_REZFLAGS = "";
				PRODUCT_NAME = ALL_BUILD;
				SECTORDER_FLAGS = "";
				SYMROOT = "/Users/alex/Documents/Thin Foil/Xcode";
				USE_HEADERMAP = NO;
				WARNING_CFLAGS = (
					"-Wmost",
					"-Wno-four-char-constants",
					"-Wno-unknown-pragmas",
					"$(inherited)",
				);
			};
			name = Debug;
		};
		D4DEA5716E554BE199F50DB4 /* MinSizeRel */ = {
			isa = XCBuildConfiguration;
			buildSettings = {
				COMBINE_HIDPI_IMAGES = YES;
				GCC_GENERATE_DEBUGGING_SYMBOLS = YES;
				GCC_INLINES_ARE_PRIVATE_EXTERN = NO;
				GCC_OPTIMIZATION_LEVEL = 0;
				GCC_PREPROCESSOR_DEFINITIONS = "'CMAKE_INTDIR=\"$(CONFIGURATION)$(EFFECTIVE_PLATFORM_NAME)\"'";
				GCC_SYMBOLS_PRIVATE_EXTERN = NO;
				HEADER_SEARCH_PATHS = (
					"/Users/alex/geant4.10.02-install/include/Geant4",
					"\"/Users/alex/Documents/Thin Foil/include\"",
					/Users/alex/ROOT/root_install/include,
				);
				INSTALL_PATH = "";
				OTHER_LDFLAGS = " ";
				OTHER_REZFLAGS = "";
				PRODUCT_NAME = ZERO_CHECK;
				SECTORDER_FLAGS = "";
				SYMROOT = "/Users/alex/Documents/Thin Foil/Xcode";
				USE_HEADERMAP = NO;
				WARNING_CFLAGS = (
					"-Wmost",
					"-Wno-four-char-constants",
					"-Wno-unknown-pragmas",
					"$(inherited)",
				);
			};
			name = MinSizeRel;
		};
		D740FAFFD9D04DAAA63AECA5 /* Debug */ = {
			isa = XCBuildConfiguration;
			buildSettings = {
				COMBINE_HIDPI_IMAGES = YES;
				GCC_GENERATE_DEBUGGING_SYMBOLS = YES;
				GCC_INLINES_ARE_PRIVATE_EXTERN = NO;
				GCC_OPTIMIZATION_LEVEL = 0;
				GCC_PREPROCESSOR_DEFINITIONS = (
					"'CMAKE_INTDIR=\"$(CONFIGURATION)$(EFFECTIVE_PLATFORM_NAME)\"'",
					G4ANALYSIS_USE_ROOT,
					G4_STORE_TRAJECTORY,
					G4VERBOSE,
					G4UI_USE,
					G4VIS_USE,
					G4UI_USE_TCSH,
				);
				GCC_SYMBOLS_PRIVATE_EXTERN = NO;
				HEADER_SEARCH_PATHS = (
					"/Users/alex/geant4.10.02-install/include/Geant4",
					"\"/Users/alex/Documents/Thin Foil/include\"",
					/Users/alex/ROOT/root_install/include,
				);
				INSTALL_PATH = "";
				OTHER_LDFLAGS = " ";
				OTHER_REZFLAGS = "";
				PRODUCT_NAME = B1;
				SECTORDER_FLAGS = "";
				SYMROOT = "/Users/alex/Documents/Thin Foil/Xcode";
				USE_HEADERMAP = NO;
				WARNING_CFLAGS = (
					"-Wmost",
					"-Wno-four-char-constants",
					"-Wno-unknown-pragmas",
					"$(inherited)",
				);
			};
			name = Debug;
		};
		F8EBE74251EB4B5190FFE1E9 /* Release */ = {
			isa = XCBuildConfiguration;
			buildSettings = {
				COMBINE_HIDPI_IMAGES = YES;
				GCC_GENERATE_DEBUGGING_SYMBOLS = YES;
				GCC_INLINES_ARE_PRIVATE_EXTERN = NO;
				GCC_OPTIMIZATION_LEVEL = 0;
				GCC_PREPROCESSOR_DEFINITIONS = (
					"'CMAKE_INTDIR=\"$(CONFIGURATION)$(EFFECTIVE_PLATFORM_NAME)\"'",
					G4ANALYSIS_USE_ROOT,
					G4_STORE_TRAJECTORY,
					G4VERBOSE,
					G4UI_USE,
					G4VIS_USE,
					G4UI_USE_TCSH,
				);
				GCC_SYMBOLS_PRIVATE_EXTERN = NO;
				HEADER_SEARCH_PATHS = (
					"/Users/alex/geant4.10.02-install/include/Geant4",
					"\"/Users/alex/Documents/Thin Foil/include\"",
					/Users/alex/ROOT/root_install/include,
				);
				INSTALL_PATH = "";
				OTHER_LDFLAGS = " ";
				OTHER_REZFLAGS = "";
				PRODUCT_NAME = B1;
				SECTORDER_FLAGS = "";
				SYMROOT = "/Users/alex/Documents/Thin Foil/Xcode";
				USE_HEADERMAP = NO;
				WARNING_CFLAGS = (
					"-Wmost",
					"-Wno-four-char-constants",
					"-Wno-unknown-pragmas",
					"$(inherited)",
				);
			};
			name = Release;
		};
		FC328D05A21A48E7BC1BDD29 /* Release */ = {
			isa = XCBuildConfiguration;
			buildSettings = {
				COMBINE_HIDPI_IMAGES = YES;
				GCC_GENERATE_DEBUGGING_SYMBOLS = YES;
				GCC_INLINES_ARE_PRIVATE_EXTERN = NO;
				GCC_OPTIMIZATION_LEVEL = 0;
				GCC_PREPROCESSOR_DEFINITIONS = "'CMAKE_INTDIR=\"$(CONFIGURATION)$(EFFECTIVE_PLATFORM_NAME)\"'";
				GCC_SYMBOLS_PRIVATE_EXTERN = NO;
				HEADER_SEARCH_PATHS = (
					"/Users/alex/geant4.10.02-install/include/Geant4",
					"\"/Users/alex/Documents/Thin Foil/include\"",
					/Users/alex/ROOT/root_install/include,
				);
				INSTALL_PATH = "";
				OTHER_LDFLAGS = " ";
				OTHER_REZFLAGS = "";
				PRODUCT_NAME = ZERO_CHECK;
				SECTORDER_FLAGS = "";
				SYMROOT = "/Users/alex/Documents/Thin Foil/Xcode";
				USE_HEADERMAP = NO;
				WARNING_CFLAGS = (
					"-Wmost",
					"-Wno-four-char-constants",
					"-Wno-unknown-pragmas",
					"$(inherited)",
				);
			};
			name = Release;
		};
/* End XCBuildConfiguration section */

/* Begin XCConfigurationList section */
		02AB5E4C2EFA493C9687B050 /* Build configuration list for PBXAggregateTarget "ZERO_CHECK" */ = {
			isa = XCConfigurationList;
			buildConfigurations = (
				52D03994512F483BB2BB22BA /* Debug */,
				FC328D05A21A48E7BC1BDD29 /* Release */,
				D4DEA5716E554BE199F50DB4 /* MinSizeRel */,
				3A05FF4FC6AE4A65A59613CE /* RelWithDebInfo */,
			);
			defaultConfigurationIsVisible = 0;
			defaultConfigurationName = Debug;
		};
		035972E8F411405CBB5BAAAC /* Build configuration list for PBXAggregateTarget "install" */ = {
			isa = XCConfigurationList;
			buildConfigurations = (
				1F81D4694F4A4966A6836DE6 /* Debug */,
				2EAE0A47008249F8B6780E9D /* Release */,
				69AC3014DCDE49B4A5DAE077 /* MinSizeRel */,
				5A8B7B72BC51466D9308C084 /* RelWithDebInfo */,
			);
			defaultConfigurationIsVisible = 0;
			defaultConfigurationName = Debug;
		};
		1F33D6FF6CA243ACA8A7EB8F /* Build configuration list for PBXAggregateTarget "ALL_BUILD" */ = {
			isa = XCConfigurationList;
			buildConfigurations = (
				C14584FDEF0B4F5D8F5FFFAC /* Debug */,
				2EC7AE9971EB420F934FD421 /* Release */,
				1913598E1FF842DB9ADD0633 /* MinSizeRel */,
				5D4590BBB7584FB5B21B81AD /* RelWithDebInfo */,
			);
			defaultConfigurationIsVisible = 0;
			defaultConfigurationName = Debug;
		};
		2FF86B9FE4854E3291210486 /* Build configuration list for PBXProject "Muonraker" */ = {
			isa = XCConfigurationList;
			buildConfigurations = (
				1C68D83E9929430DBC36A157 /* Debug */,
				1C3D0E41FA884B539D6EA117 /* Release */,
				A894BD44CD4C40608BBCB322 /* MinSizeRel */,
				AA469416B7854D6D88A9559B /* RelWithDebInfo */,
			);
			defaultConfigurationIsVisible = 0;
			defaultConfigurationName = Debug;
		};
		6FA7DE2CABE1414CB8B658BD /* Build configuration list for PBXAggregateTarget "B1" */ = {
			isa = XCConfigurationList;
			buildConfigurations = (
				D740FAFFD9D04DAAA63AECA5 /* Debug */,
				F8EBE74251EB4B5190FFE1E9 /* Release */,
				9735CF1756D743F6AAC13DA6 /* MinSizeRel */,
				48B92F8C6A8B4557B3CE945F /* RelWithDebInfo */,
			);
			defaultConfigurationIsVisible = 0;
			defaultConfigurationName = Debug;
		};
		DC39B9D0D82846DF89764F1A /* Build configuration list for PBXNativeTarget "MuonProject_rev2" */ = {
			isa = XCConfigurationList;
			buildConfigurations = (
				9707E9D56CC84FF5BE13E64E /* Debug */,
				1D663C5032414CAB88A7D22A /* Release */,
				B2B3F2ED5A2D4E2D933F4642 /* MinSizeRel */,
				6C5E904E55C94FA18B2602E3 /* RelWithDebInfo */,
			);
			defaultConfigurationIsVisible = 0;
			defaultConfigurationName = Debug;
		};
/* End XCConfigurationList section */
	};
	rootObject = 5DE4B20621FB4DC3A1BBCEB9 /* Project object */;
}
